
Microsoft Visual Studio Solution File, Format Version 12.00
# Visual Studio Version 17
VisualStudioVersion = 17.0.31903.59
MinimumVisualStudioVersion = 10.0.40219.1
Project("{2150E333-8FDC-42A3-9474-1A3956D46DE8}") = "src", "src", "{827E0CD3-B72D-47B6-A68D-7590B98EB39B}"
EndProject
Project("{FAE04EC0-301F-11D3-BF4B-00C04F79EFBC}") = "BudgetExperiment.Client", "src\BudgetExperiment.Client\BudgetExperiment.Client.csproj", "{E2AD945C-100E-4CAA-96EF-A60D01A9B4BE}"
EndProject
Project("{FAE04EC0-301F-11D3-BF4B-00C04F79EFBC}") = "BudgetExperiment.Api", "src\BudgetExperiment.Api\BudgetExperiment.Api.csproj", "{E90A4E8D-36B1-45A4-9E36-57802C61BEC6}"
EndProject
Global
	GlobalSection(SolutionConfigurationPlatforms) = preSolution
		Debug|Any CPU = Debug|Any CPU
		Debug|x64 = Debug|x64
		Debug|x86 = Debug|x86
		Release|Any CPU = Release|Any CPU
		Release|x64 = Release|x64
		Release|x86 = Release|x86
	EndGlobalSection
	GlobalSection(ProjectConfigurationPlatforms) = postSolution
		{E2AD945C-100E-4CAA-96EF-A60D01A9B4BE}.Debug|Any CPU.ActiveCfg = Debug|Any CPU
		{E2AD945C-100E-4CAA-96EF-A60D01A9B4BE}.Debug|Any CPU.Build.0 = Debug|Any CPU
		{E2AD945C-100E-4CAA-96EF-A60D01A9B4BE}.Debug|x64.ActiveCfg = Debug|Any CPU
		{E2AD945C-100E-4CAA-96EF-A60D01A9B4BE}.Debug|x64.Build.0 = Debug|Any CPU
		{E2AD945C-100E-4CAA-96EF-A60D01A9B4BE}.Debug|x86.ActiveCfg = Debug|Any CPU
		{E2AD945C-100E-4CAA-96EF-A60D01A9B4BE}.Debug|x86.Build.0 = Debug|Any CPU
		{E2AD945C-100E-4CAA-96EF-A60D01A9B4BE}.Release|Any CPU.ActiveCfg = Release|Any CPU
		{E2AD945C-100E-4CAA-96EF-A60D01A9B4BE}.Release|Any CPU.Build.0 = Release|Any CPU
		{E2AD945C-100E-4CAA-96EF-A60D01A9B4BE}.Release|x64.ActiveCfg = Release|Any CPU
		{E2AD945C-100E-4CAA-96EF-A60D01A9B4BE}.Release|x64.Build.0 = Release|Any CPU
		{E2AD945C-100E-4CAA-96EF-A60D01A9B4BE}.Release|x86.ActiveCfg = Release|Any CPU
		{E2AD945C-100E-4CAA-96EF-A60D01A9B4BE}.Release|x86.Build.0 = Release|Any CPU
		{E90A4E8D-36B1-45A4-9E36-57802C61BEC6}.Debug|Any CPU.ActiveCfg = Debug|Any CPU
		{E90A4E8D-36B1-45A4-9E36-57802C61BEC6}.Debug|Any CPU.Build.0 = Debug|Any CPU
		{E90A4E8D-36B1-45A4-9E36-57802C61BEC6}.Debug|x64.ActiveCfg = Debug|Any CPU
		{E90A4E8D-36B1-45A4-9E36-57802C61BEC6}.Debug|x64.Build.0 = Debug|Any CPU
		{E90A4E8D-36B1-45A4-9E36-57802C61BEC6}.Debug|x86.ActiveCfg = Debug|Any CPU
		{E90A4E8D-36B1-45A4-9E36-57802C61BEC6}.Debug|x86.Build.0 = Debug|Any CPU
		{E90A4E8D-36B1-45A4-9E36-57802C61BEC6}.Release|Any CPU.ActiveCfg = Release|Any CPU
		{E90A4E8D-36B1-45A4-9E36-57802C61BEC6}.Release|Any CPU.Build.0 = Release|Any CPU
		{E90A4E8D-36B1-45A4-9E36-57802C61BEC6}.Release|x64.ActiveCfg = Release|Any CPU
		{E90A4E8D-36B1-45A4-9E36-57802C61BEC6}.Release|x64.Build.0 = Release|Any CPU
		{E90A4E8D-36B1-45A4-9E36-57802C61BEC6}.Release|x86.ActiveCfg = Release|Any CPU
		{E90A4E8D-36B1-45A4-9E36-57802C61BEC6}.Release|x86.Build.0 = Release|Any CPU
	EndGlobalSection
	GlobalSection(SolutionProperties) = preSolution
		HideSolutionNode = FALSE
	EndGlobalSection
	GlobalSection(NestedProjects) = preSolution
		{E2AD945C-100E-4CAA-96EF-A60D01A9B4BE} = {827E0CD3-B72D-47B6-A68D-7590B98EB39B}
		{E90A4E8D-36B1-45A4-9E36-57802C61BEC6} = {827E0CD3-B72D-47B6-A68D-7590B98EB39B}
	EndGlobalSection
EndGlobal
