
Microsoft Visual Studio Solution File, Format Version 12.00
# Visual Studio Version 17
VisualStudioVersion = 17.0.31903.59
MinimumVisualStudioVersion = 10.0.40219.1
Project("{2150E333-8FDC-42A3-9474-1A3956D46DE8}") = "src", "src", "{02EA681E-C7D8-13C7-8484-4AC65E1B71E8}"
EndProject
Project("{FAE04EC0-301F-11D3-BF4B-00C04F79EFBC}") = "Budget.API", "src\Budget.API\Budget.API.csproj", "{B98ACB01-0D1B-4792-A261-BCA529001804}"
EndProject
Project("{FAE04EC0-301F-11D3-BF4B-00C04F79EFBC}") = "Budget.Data", "src\Budget.Data\Budget.Data.csproj", "{87F30A66-AEA0-4005-B76B-C586993F8213}"
EndProject
Project("{FAE04EC0-301F-11D3-BF4B-00C04F79EFBC}") = "Budget.Models", "src\Budget.Models\Budget.Models.csproj", "{243D96D0-4D61-4537-BCEF-A44C16D8A6FB}"
EndProject
Project("{FAE04EC0-301F-11D3-BF4B-00C04F79EFBC}") = "Budget.Services", "src\Budget.Services\Budget.Services.csproj", "{44852CFF-E046-40F8-B25E-C55BE6AF4D27}"
EndProject
Project("{FAE04EC0-301F-11D3-BF4B-00C04F79EFBC}") = "Budget.Abstractions", "Budget.Abstractions\Budget.Abstractions.csproj", "{FCAE3C6D-CB6B-4226-B6CB-EE1053AED155}"
EndProject
Project("{FAE04EC0-301F-11D3-BF4B-00C04F79EFBC}") = "Budget.ViewModels", "src\Budget.ViewModels\Budget.ViewModels.csproj", "{E50BCC2A-65F8-41AE-BECD-2E14B234C37A}"
EndProject
Global
	GlobalSection(SolutionConfigurationPlatforms) = preSolution
		Debug|Any CPU = Debug|Any CPU
		Release|Any CPU = Release|Any CPU
	EndGlobalSection
	GlobalSection(ProjectConfigurationPlatforms) = postSolution
		{B98ACB01-0D1B-4792-A261-BCA529001804}.Debug|Any CPU.ActiveCfg = Debug|Any CPU
		{B98ACB01-0D1B-4792-A261-BCA529001804}.Debug|Any CPU.Build.0 = Debug|Any CPU
		{B98ACB01-0D1B-4792-A261-BCA529001804}.Release|Any CPU.ActiveCfg = Release|Any CPU
		{B98ACB01-0D1B-4792-A261-BCA529001804}.Release|Any CPU.Build.0 = Release|Any CPU
		{87F30A66-AEA0-4005-B76B-C586993F8213}.Debug|Any CPU.ActiveCfg = Debug|Any CPU
		{87F30A66-AEA0-4005-B76B-C586993F8213}.Debug|Any CPU.Build.0 = Debug|Any CPU
		{87F30A66-AEA0-4005-B76B-C586993F8213}.Release|Any CPU.ActiveCfg = Release|Any CPU
		{87F30A66-AEA0-4005-B76B-C586993F8213}.Release|Any CPU.Build.0 = Release|Any CPU
		{243D96D0-4D61-4537-BCEF-A44C16D8A6FB}.Debug|Any CPU.ActiveCfg = Debug|Any CPU
		{243D96D0-4D61-4537-BCEF-A44C16D8A6FB}.Debug|Any CPU.Build.0 = Debug|Any CPU
		{243D96D0-4D61-4537-BCEF-A44C16D8A6FB}.Release|Any CPU.ActiveCfg = Release|Any CPU
		{243D96D0-4D61-4537-BCEF-A44C16D8A6FB}.Release|Any CPU.Build.0 = Release|Any CPU
		{44852CFF-E046-40F8-B25E-C55BE6AF4D27}.Debug|Any CPU.ActiveCfg = Debug|Any CPU
		{44852CFF-E046-40F8-B25E-C55BE6AF4D27}.Debug|Any CPU.Build.0 = Debug|Any CPU
		{44852CFF-E046-40F8-B25E-C55BE6AF4D27}.Release|Any CPU.ActiveCfg = Release|Any CPU
		{44852CFF-E046-40F8-B25E-C55BE6AF4D27}.Release|Any CPU.Build.0 = Release|Any CPU
		{FCAE3C6D-CB6B-4226-B6CB-EE1053AED155}.Debug|Any CPU.ActiveCfg = Debug|Any CPU
		{FCAE3C6D-CB6B-4226-B6CB-EE1053AED155}.Debug|Any CPU.Build.0 = Debug|Any CPU
		{FCAE3C6D-CB6B-4226-B6CB-EE1053AED155}.Release|Any CPU.ActiveCfg = Release|Any CPU
		{FCAE3C6D-CB6B-4226-B6CB-EE1053AED155}.Release|Any CPU.Build.0 = Release|Any CPU
		{E50BCC2A-65F8-41AE-BECD-2E14B234C37A}.Debug|Any CPU.ActiveCfg = Debug|Any CPU
		{E50BCC2A-65F8-41AE-BECD-2E14B234C37A}.Debug|Any CPU.Build.0 = Debug|Any CPU
		{E50BCC2A-65F8-41AE-BECD-2E14B234C37A}.Release|Any CPU.ActiveCfg = Release|Any CPU
		{E50BCC2A-65F8-41AE-BECD-2E14B234C37A}.Release|Any CPU.Build.0 = Release|Any CPU
	EndGlobalSection
	GlobalSection(SolutionProperties) = preSolution
		HideSolutionNode = FALSE
	EndGlobalSection
	GlobalSection(NestedProjects) = preSolution
		{B98ACB01-0D1B-4792-A261-BCA529001804} = {02EA681E-C7D8-13C7-8484-4AC65E1B71E8}
		{87F30A66-AEA0-4005-B76B-C586993F8213} = {02EA681E-C7D8-13C7-8484-4AC65E1B71E8}
		{243D96D0-4D61-4537-BCEF-A44C16D8A6FB} = {02EA681E-C7D8-13C7-8484-4AC65E1B71E8}
		{44852CFF-E046-40F8-B25E-C55BE6AF4D27} = {02EA681E-C7D8-13C7-8484-4AC65E1B71E8}
		{FCAE3C6D-CB6B-4226-B6CB-EE1053AED155} = {02EA681E-C7D8-13C7-8484-4AC65E1B71E8}
		{E50BCC2A-65F8-41AE-BECD-2E14B234C37A} = {02EA681E-C7D8-13C7-8484-4AC65E1B71E8}
	EndGlobalSection
	GlobalSection(ExtensibilityGlobals) = postSolution
		SolutionGuid = {FD5CD67C-6478-4C2C-9B50-89256167CAC2}
	EndGlobalSection
EndGlobal
