
Microsoft Visual Studio Solution File, Format Version 12.00
# Visual Studio Version 17
VisualStudioVersion = 17.0.31903.59
MinimumVisualStudioVersion = 10.0.40219.1
Project("{2150E333-8FDC-42A3-9474-1A3956D46DE8}") = "src", "src", "{827E0CD3-B72D-47B6-A68D-7590B98EB39B}"
EndProject
Project("{FAE04EC0-301F-11D3-BF4B-00C04F79EFBC}") = "BudgetExperiment.Domain", "src\BudgetExperiment.Domain\BudgetExperiment.Domain.csproj", "{E4B30B23-1F69-42EB-A5D9-9D6872C6A591}"
EndProject
Project("{FAE04EC0-301F-11D3-BF4B-00C04F79EFBC}") = "BudgetExperiment.Application", "src\BudgetExperiment.Application\BudgetExperiment.Application.csproj", "{E6F10BCE-FDB5-4951-A330-74E256606EDF}"
EndProject
Project("{FAE04EC0-301F-11D3-BF4B-00C04F79EFBC}") = "BudgetExperiment.Infrastructure", "src\BudgetExperiment.Infrastructure\BudgetExperiment.Infrastructure.csproj", "{E9C138CF-728E-4020-A39E-B6090EA838F5}"
EndProject
Project("{FAE04EC0-301F-11D3-BF4B-00C04F79EFBC}") = "BudgetExperiment.Api", "src\BudgetExperiment.Api\BudgetExperiment.Api.csproj", "{8E663605-71F1-4F3E-AB1A-9B5C17E5F48C}"
EndProject
Project("{FAE04EC0-301F-11D3-BF4B-00C04F79EFBC}") = "BudgetExperiment.Client", "src\BudgetExperiment.Client\BudgetExperiment.Client.csproj", "{31A151E4-BCE3-4A5F-9644-E489789D5E45}"
EndProject
Project("{2150E333-8FDC-42A3-9474-1A3956D46DE8}") = "tests", "tests", "{0AB3BF05-4346-4AA6-1389-037BE0695223}"
EndProject
Project("{FAE04EC0-301F-11D3-BF4B-00C04F79EFBC}") = "BudgetExperiment.Domain.Tests", "tests\BudgetExperiment.Domain.Tests\BudgetExperiment.Domain.Tests.csproj", "{964CB13E-9047-4396-B4B2-0CB54F1A6CE3}"
EndProject
Project("{FAE04EC0-301F-11D3-BF4B-00C04F79EFBC}") = "BudgetExperiment.Application.Tests", "tests\BudgetExperiment.Application.Tests\BudgetExperiment.Application.Tests.csproj", "{BE8EC9E0-5F67-4CA6-9DAC-8BE9556E707D}"
EndProject
Project("{FAE04EC0-301F-11D3-BF4B-00C04F79EFBC}") = "BudgetExperiment.Infrastructure.Tests", "tests\BudgetExperiment.Infrastructure.Tests\BudgetExperiment.Infrastructure.Tests.csproj", "{5B2DE0B7-80E8-4564-998A-9E1DB79C2FF3}"
EndProject
Project("{FAE04EC0-301F-11D3-BF4B-00C04F79EFBC}") = "BudgetExperiment.Api.Tests", "tests\BudgetExperiment.Api.Tests\BudgetExperiment.Api.Tests.csproj", "{35457958-1A35-4CDF-B487-E53AE1F5C5EC}"
EndProject
Project("{FAE04EC0-301F-11D3-BF4B-00C04F79EFBC}") = "BudgetExperiment.Client.Tests", "tests\BudgetExperiment.Client.Tests\BudgetExperiment.Client.Tests.csproj", "{8DA30394-232E-4AE7-AC8A-8440A9F001EB}"
EndProject
Project("{2150E333-8FDC-42A3-9474-1A3956D46DE8}") = "Solution Items", "Solution Items", "{8EC462FD-D22E-90A8-E5CE-7E832BA40C5D}"
	ProjectSection(SolutionItems) = preProject
		docs\architecture-plan.md = docs\architecture-plan.md
	EndProjectSection
EndProject
Global
	GlobalSection(SolutionConfigurationPlatforms) = preSolution
		Debug|Any CPU = Debug|Any CPU
		Debug|x64 = Debug|x64
		Debug|x86 = Debug|x86
		Release|Any CPU = Release|Any CPU
		Release|x64 = Release|x64
		Release|x86 = Release|x86
	EndGlobalSection
	GlobalSection(ProjectConfigurationPlatforms) = postSolution
		{E4B30B23-1F69-42EB-A5D9-9D6872C6A591}.Debug|Any CPU.ActiveCfg = Debug|Any CPU
		{E4B30B23-1F69-42EB-A5D9-9D6872C6A591}.Debug|Any CPU.Build.0 = Debug|Any CPU
		{E4B30B23-1F69-42EB-A5D9-9D6872C6A591}.Debug|x64.ActiveCfg = Debug|Any CPU
		{E4B30B23-1F69-42EB-A5D9-9D6872C6A591}.Debug|x64.Build.0 = Debug|Any CPU
		{E4B30B23-1F69-42EB-A5D9-9D6872C6A591}.Debug|x86.ActiveCfg = Debug|Any CPU
		{E4B30B23-1F69-42EB-A5D9-9D6872C6A591}.Debug|x86.Build.0 = Debug|Any CPU
		{E4B30B23-1F69-42EB-A5D9-9D6872C6A591}.Release|Any CPU.ActiveCfg = Release|Any CPU
		{E4B30B23-1F69-42EB-A5D9-9D6872C6A591}.Release|Any CPU.Build.0 = Release|Any CPU
		{E4B30B23-1F69-42EB-A5D9-9D6872C6A591}.Release|x64.ActiveCfg = Release|Any CPU
		{E4B30B23-1F69-42EB-A5D9-9D6872C6A591}.Release|x64.Build.0 = Release|Any CPU
		{E4B30B23-1F69-42EB-A5D9-9D6872C6A591}.Release|x86.ActiveCfg = Release|Any CPU
		{E4B30B23-1F69-42EB-A5D9-9D6872C6A591}.Release|x86.Build.0 = Release|Any CPU
		{E6F10BCE-FDB5-4951-A330-74E256606EDF}.Debug|Any CPU.ActiveCfg = Debug|Any CPU
		{E6F10BCE-FDB5-4951-A330-74E256606EDF}.Debug|Any CPU.Build.0 = Debug|Any CPU
		{E6F10BCE-FDB5-4951-A330-74E256606EDF}.Debug|x64.ActiveCfg = Debug|Any CPU
		{E6F10BCE-FDB5-4951-A330-74E256606EDF}.Debug|x64.Build.0 = Debug|Any CPU
		{E6F10BCE-FDB5-4951-A330-74E256606EDF}.Debug|x86.ActiveCfg = Debug|Any CPU
		{E6F10BCE-FDB5-4951-A330-74E256606EDF}.Debug|x86.Build.0 = Debug|Any CPU
		{E6F10BCE-FDB5-4951-A330-74E256606EDF}.Release|Any CPU.ActiveCfg = Release|Any CPU
		{E6F10BCE-FDB5-4951-A330-74E256606EDF}.Release|Any CPU.Build.0 = Release|Any CPU
		{E6F10BCE-FDB5-4951-A330-74E256606EDF}.Release|x64.ActiveCfg = Release|Any CPU
		{E6F10BCE-FDB5-4951-A330-74E256606EDF}.Release|x64.Build.0 = Release|Any CPU
		{E6F10BCE-FDB5-4951-A330-74E256606EDF}.Release|x86.ActiveCfg = Release|Any CPU
		{E6F10BCE-FDB5-4951-A330-74E256606EDF}.Release|x86.Build.0 = Release|Any CPU
		{E9C138CF-728E-4020-A39E-B6090EA838F5}.Debug|Any CPU.ActiveCfg = Debug|Any CPU
		{E9C138CF-728E-4020-A39E-B6090EA838F5}.Debug|Any CPU.Build.0 = Debug|Any CPU
		{E9C138CF-728E-4020-A39E-B6090EA838F5}.Debug|x64.ActiveCfg = Debug|Any CPU
		{E9C138CF-728E-4020-A39E-B6090EA838F5}.Debug|x64.Build.0 = Debug|Any CPU
		{E9C138CF-728E-4020-A39E-B6090EA838F5}.Debug|x86.ActiveCfg = Debug|Any CPU
		{E9C138CF-728E-4020-A39E-B6090EA838F5}.Debug|x86.Build.0 = Debug|Any CPU
		{E9C138CF-728E-4020-A39E-B6090EA838F5}.Release|Any CPU.ActiveCfg = Release|Any CPU
		{E9C138CF-728E-4020-A39E-B6090EA838F5}.Release|Any CPU.Build.0 = Release|Any CPU
		{E9C138CF-728E-4020-A39E-B6090EA838F5}.Release|x64.ActiveCfg = Release|Any CPU
		{E9C138CF-728E-4020-A39E-B6090EA838F5}.Release|x64.Build.0 = Release|Any CPU
		{E9C138CF-728E-4020-A39E-B6090EA838F5}.Release|x86.ActiveCfg = Release|Any CPU
		{E9C138CF-728E-4020-A39E-B6090EA838F5}.Release|x86.Build.0 = Release|Any CPU
		{8E663605-71F1-4F3E-AB1A-9B5C17E5F48C}.Debug|Any CPU.ActiveCfg = Debug|Any CPU
		{8E663605-71F1-4F3E-AB1A-9B5C17E5F48C}.Debug|Any CPU.Build.0 = Debug|Any CPU
		{8E663605-71F1-4F3E-AB1A-9B5C17E5F48C}.Debug|x64.ActiveCfg = Debug|Any CPU
		{8E663605-71F1-4F3E-AB1A-9B5C17E5F48C}.Debug|x64.Build.0 = Debug|Any CPU
		{8E663605-71F1-4F3E-AB1A-9B5C17E5F48C}.Debug|x86.ActiveCfg = Debug|Any CPU
		{8E663605-71F1-4F3E-AB1A-9B5C17E5F48C}.Debug|x86.Build.0 = Debug|Any CPU
		{8E663605-71F1-4F3E-AB1A-9B5C17E5F48C}.Release|Any CPU.ActiveCfg = Release|Any CPU
		{8E663605-71F1-4F3E-AB1A-9B5C17E5F48C}.Release|Any CPU.Build.0 = Release|Any CPU
		{8E663605-71F1-4F3E-AB1A-9B5C17E5F48C}.Release|x64.ActiveCfg = Release|Any CPU
		{8E663605-71F1-4F3E-AB1A-9B5C17E5F48C}.Release|x64.Build.0 = Release|Any CPU
		{8E663605-71F1-4F3E-AB1A-9B5C17E5F48C}.Release|x86.ActiveCfg = Release|Any CPU
		{8E663605-71F1-4F3E-AB1A-9B5C17E5F48C}.Release|x86.Build.0 = Release|Any CPU
		{31A151E4-BCE3-4A5F-9644-E489789D5E45}.Debug|Any CPU.ActiveCfg = Debug|Any CPU
		{31A151E4-BCE3-4A5F-9644-E489789D5E45}.Debug|Any CPU.Build.0 = Debug|Any CPU
		{31A151E4-BCE3-4A5F-9644-E489789D5E45}.Debug|x64.ActiveCfg = Debug|Any CPU
		{31A151E4-BCE3-4A5F-9644-E489789D5E45}.Debug|x64.Build.0 = Debug|Any CPU
		{31A151E4-BCE3-4A5F-9644-E489789D5E45}.Debug|x86.ActiveCfg = Debug|Any CPU
		{31A151E4-BCE3-4A5F-9644-E489789D5E45}.Debug|x86.Build.0 = Debug|Any CPU
		{31A151E4-BCE3-4A5F-9644-E489789D5E45}.Release|Any CPU.ActiveCfg = Release|Any CPU
		{31A151E4-BCE3-4A5F-9644-E489789D5E45}.Release|Any CPU.Build.0 = Release|Any CPU
		{31A151E4-BCE3-4A5F-9644-E489789D5E45}.Release|x64.ActiveCfg = Release|Any CPU
		{31A151E4-BCE3-4A5F-9644-E489789D5E45}.Release|x64.Build.0 = Release|Any CPU
		{31A151E4-BCE3-4A5F-9644-E489789D5E45}.Release|x86.ActiveCfg = Release|Any CPU
		{31A151E4-BCE3-4A5F-9644-E489789D5E45}.Release|x86.Build.0 = Release|Any CPU
		{964CB13E-9047-4396-B4B2-0CB54F1A6CE3}.Debug|Any CPU.ActiveCfg = Debug|Any CPU
		{964CB13E-9047-4396-B4B2-0CB54F1A6CE3}.Debug|Any CPU.Build.0 = Debug|Any CPU
		{964CB13E-9047-4396-B4B2-0CB54F1A6CE3}.Debug|x64.ActiveCfg = Debug|Any CPU
		{964CB13E-9047-4396-B4B2-0CB54F1A6CE3}.Debug|x64.Build.0 = Debug|Any CPU
		{964CB13E-9047-4396-B4B2-0CB54F1A6CE3}.Debug|x86.ActiveCfg = Debug|Any CPU
		{964CB13E-9047-4396-B4B2-0CB54F1A6CE3}.Debug|x86.Build.0 = Debug|Any CPU
		{964CB13E-9047-4396-B4B2-0CB54F1A6CE3}.Release|Any CPU.ActiveCfg = Release|Any CPU
		{964CB13E-9047-4396-B4B2-0CB54F1A6CE3}.Release|Any CPU.Build.0 = Release|Any CPU
		{964CB13E-9047-4396-B4B2-0CB54F1A6CE3}.Release|x64.ActiveCfg = Release|Any CPU
		{964CB13E-9047-4396-B4B2-0CB54F1A6CE3}.Release|x64.Build.0 = Release|Any CPU
		{964CB13E-9047-4396-B4B2-0CB54F1A6CE3}.Release|x86.ActiveCfg = Release|Any CPU
		{964CB13E-9047-4396-B4B2-0CB54F1A6CE3}.Release|x86.Build.0 = Release|Any CPU
		{BE8EC9E0-5F67-4CA6-9DAC-8BE9556E707D}.Debug|Any CPU.ActiveCfg = Debug|Any CPU
		{BE8EC9E0-5F67-4CA6-9DAC-8BE9556E707D}.Debug|Any CPU.Build.0 = Debug|Any CPU
		{BE8EC9E0-5F67-4CA6-9DAC-8BE9556E707D}.Debug|x64.ActiveCfg = Debug|Any CPU
		{BE8EC9E0-5F67-4CA6-9DAC-8BE9556E707D}.Debug|x64.Build.0 = Debug|Any CPU
		{BE8EC9E0-5F67-4CA6-9DAC-8BE9556E707D}.Debug|x86.ActiveCfg = Debug|Any CPU
		{BE8EC9E0-5F67-4CA6-9DAC-8BE9556E707D}.Debug|x86.Build.0 = Debug|Any CPU
		{BE8EC9E0-5F67-4CA6-9DAC-8BE9556E707D}.Release|Any CPU.ActiveCfg = Release|Any CPU
		{BE8EC9E0-5F67-4CA6-9DAC-8BE9556E707D}.Release|Any CPU.Build.0 = Release|Any CPU
		{BE8EC9E0-5F67-4CA6-9DAC-8BE9556E707D}.Release|x64.ActiveCfg = Release|Any CPU
		{BE8EC9E0-5F67-4CA6-9DAC-8BE9556E707D}.Release|x64.Build.0 = Release|Any CPU
		{BE8EC9E0-5F67-4CA6-9DAC-8BE9556E707D}.Release|x86.ActiveCfg = Release|Any CPU
		{BE8EC9E0-5F67-4CA6-9DAC-8BE9556E707D}.Release|x86.Build.0 = Release|Any CPU
		{5B2DE0B7-80E8-4564-998A-9E1DB79C2FF3}.Debug|Any CPU.ActiveCfg = Debug|Any CPU
		{5B2DE0B7-80E8-4564-998A-9E1DB79C2FF3}.Debug|Any CPU.Build.0 = Debug|Any CPU
		{5B2DE0B7-80E8-4564-998A-9E1DB79C2FF3}.Debug|x64.ActiveCfg = Debug|Any CPU
		{5B2DE0B7-80E8-4564-998A-9E1DB79C2FF3}.Debug|x64.Build.0 = Debug|Any CPU
		{5B2DE0B7-80E8-4564-998A-9E1DB79C2FF3}.Debug|x86.ActiveCfg = Debug|Any CPU
		{5B2DE0B7-80E8-4564-998A-9E1DB79C2FF3}.Debug|x86.Build.0 = Debug|Any CPU
		{5B2DE0B7-80E8-4564-998A-9E1DB79C2FF3}.Release|Any CPU.ActiveCfg = Release|Any CPU
		{5B2DE0B7-80E8-4564-998A-9E1DB79C2FF3}.Release|Any CPU.Build.0 = Release|Any CPU
		{5B2DE0B7-80E8-4564-998A-9E1DB79C2FF3}.Release|x64.ActiveCfg = Release|Any CPU
		{5B2DE0B7-80E8-4564-998A-9E1DB79C2FF3}.Release|x64.Build.0 = Release|Any CPU
		{5B2DE0B7-80E8-4564-998A-9E1DB79C2FF3}.Release|x86.ActiveCfg = Release|Any CPU
		{5B2DE0B7-80E8-4564-998A-9E1DB79C2FF3}.Release|x86.Build.0 = Release|Any CPU
		{35457958-1A35-4CDF-B487-E53AE1F5C5EC}.Debug|Any CPU.ActiveCfg = Debug|Any CPU
		{35457958-1A35-4CDF-B487-E53AE1F5C5EC}.Debug|Any CPU.Build.0 = Debug|Any CPU
		{35457958-1A35-4CDF-B487-E53AE1F5C5EC}.Debug|x64.ActiveCfg = Debug|Any CPU
		{35457958-1A35-4CDF-B487-E53AE1F5C5EC}.Debug|x64.Build.0 = Debug|Any CPU
		{35457958-1A35-4CDF-B487-E53AE1F5C5EC}.Debug|x86.ActiveCfg = Debug|Any CPU
		{35457958-1A35-4CDF-B487-E53AE1F5C5EC}.Debug|x86.Build.0 = Debug|Any CPU
		{35457958-1A35-4CDF-B487-E53AE1F5C5EC}.Release|Any CPU.ActiveCfg = Release|Any CPU
		{35457958-1A35-4CDF-B487-E53AE1F5C5EC}.Release|Any CPU.Build.0 = Release|Any CPU
		{35457958-1A35-4CDF-B487-E53AE1F5C5EC}.Release|x64.ActiveCfg = Release|Any CPU
		{35457958-1A35-4CDF-B487-E53AE1F5C5EC}.Release|x64.Build.0 = Release|Any CPU
		{35457958-1A35-4CDF-B487-E53AE1F5C5EC}.Release|x86.ActiveCfg = Release|Any CPU
		{35457958-1A35-4CDF-B487-E53AE1F5C5EC}.Release|x86.Build.0 = Release|Any CPU
		{8DA30394-232E-4AE7-AC8A-8440A9F001EB}.Debug|Any CPU.ActiveCfg = Debug|Any CPU
		{8DA30394-232E-4AE7-AC8A-8440A9F001EB}.Debug|Any CPU.Build.0 = Debug|Any CPU
		{8DA30394-232E-4AE7-AC8A-8440A9F001EB}.Debug|x64.ActiveCfg = Debug|Any CPU
		{8DA30394-232E-4AE7-AC8A-8440A9F001EB}.Debug|x64.Build.0 = Debug|Any CPU
		{8DA30394-232E-4AE7-AC8A-8440A9F001EB}.Debug|x86.ActiveCfg = Debug|Any CPU
		{8DA30394-232E-4AE7-AC8A-8440A9F001EB}.Debug|x86.Build.0 = Debug|Any CPU
		{8DA30394-232E-4AE7-AC8A-8440A9F001EB}.Release|Any CPU.ActiveCfg = Release|Any CPU
		{8DA30394-232E-4AE7-AC8A-8440A9F001EB}.Release|Any CPU.Build.0 = Release|Any CPU
		{8DA30394-232E-4AE7-AC8A-8440A9F001EB}.Release|x64.ActiveCfg = Release|Any CPU
		{8DA30394-232E-4AE7-AC8A-8440A9F001EB}.Release|x64.Build.0 = Release|Any CPU
		{8DA30394-232E-4AE7-AC8A-8440A9F001EB}.Release|x86.ActiveCfg = Release|Any CPU
		{8DA30394-232E-4AE7-AC8A-8440A9F001EB}.Release|x86.Build.0 = Release|Any CPU
	EndGlobalSection
	GlobalSection(SolutionProperties) = preSolution
		HideSolutionNode = FALSE
	EndGlobalSection
	GlobalSection(NestedProjects) = preSolution
		{E4B30B23-1F69-42EB-A5D9-9D6872C6A591} = {827E0CD3-B72D-47B6-A68D-7590B98EB39B}
		{E6F10BCE-FDB5-4951-A330-74E256606EDF} = {827E0CD3-B72D-47B6-A68D-7590B98EB39B}
		{E9C138CF-728E-4020-A39E-B6090EA838F5} = {827E0CD3-B72D-47B6-A68D-7590B98EB39B}
		{8E663605-71F1-4F3E-AB1A-9B5C17E5F48C} = {827E0CD3-B72D-47B6-A68D-7590B98EB39B}
		{31A151E4-BCE3-4A5F-9644-E489789D5E45} = {827E0CD3-B72D-47B6-A68D-7590B98EB39B}
		{964CB13E-9047-4396-B4B2-0CB54F1A6CE3} = {0AB3BF05-4346-4AA6-1389-037BE0695223}
		{BE8EC9E0-5F67-4CA6-9DAC-8BE9556E707D} = {0AB3BF05-4346-4AA6-1389-037BE0695223}
		{5B2DE0B7-80E8-4564-998A-9E1DB79C2FF3} = {0AB3BF05-4346-4AA6-1389-037BE0695223}
		{35457958-1A35-4CDF-B487-E53AE1F5C5EC} = {0AB3BF05-4346-4AA6-1389-037BE0695223}
		{8DA30394-232E-4AE7-AC8A-8440A9F001EB} = {0AB3BF05-4346-4AA6-1389-037BE0695223}
	EndGlobalSection
EndGlobal
